// !$*UTF8*$!
{
	archiveVersion = 1;
	classes = {
	};
	objectVersion = 50;
	objects = {

/* Begin PBXBuildFile section */
		AC043E6F22A36383002FD4DA /* hashTable.cpp in Sources */ = {isa = PBXBuildFile; fileRef = AC043E6D22A36383002FD4DA /* hashTable.cpp */; };
		AC043E7222A39D94002FD4DA /* diff.cpp in Sources */ = {isa = PBXBuildFile; fileRef = AC043E7022A39D94002FD4DA /* diff.cpp */; };
		ACA52E9A22A1DFFE00908C64 /* main.cpp in Sources */ = {isa = PBXBuildFile; fileRef = ACA52E9922A1DFFE00908C64 /* main.cpp */; };
/* End PBXBuildFile section */

/* Begin PBXCopyFilesBuildPhase section */
		ACA52E9422A1DFFE00908C64 /* CopyFiles */ = {
			isa = PBXCopyFilesBuildPhase;
			buildActionMask = 2147483647;
			dstPath = /usr/share/man/man1/;
			dstSubfolderSpec = 0;
			files = (
			);
			runOnlyForDeploymentPostprocessing = 1;
		};
/* End PBXCopyFilesBuildPhase section */

/* Begin PBXFileReference section */
		AC043E6D22A36383002FD4DA /* hashTable.cpp */ = {isa = PBXFileReference; lastKnownFileType = sourcecode.cpp.cpp; path = hashTable.cpp; sourceTree = "<group>"; };
		AC043E6E22A36383002FD4DA /* hashTable.h */ = {isa = PBXFileReference; lastKnownFileType = sourcecode.c.h; path = hashTable.h; sourceTree = "<group>"; };
		AC043E7022A39D94002FD4DA /* diff.cpp */ = {isa = PBXFileReference; lastKnownFileType = sourcecode.cpp.cpp; path = diff.cpp; sourceTree = "<group>"; };
		AC043E7122A39D94002FD4DA /* diff.h */ = {isa = PBXFileReference; lastKnownFileType = sourcecode.c.h; path = diff.h; sourceTree = "<group>"; };
		ACA52E9622A1DFFE00908C64 /* Proj-4 */ = {isa = PBXFileReference; explicitFileType = "compiled.mach-o.executable"; includeInIndex = 0; path = "Proj-4"; sourceTree = BUILT_PRODUCTS_DIR; };
		ACA52E9922A1DFFE00908C64 /* main.cpp */ = {isa = PBXFileReference; lastKnownFileType = sourcecode.cpp.cpp; path = main.cpp; sourceTree = "<group>"; };
/* End PBXFileReference section */

/* Begin PBXFrameworksBuildPhase section */
		ACA52E9322A1DFFE00908C64 /* Frameworks */ = {
			isa = PBXFrameworksBuildPhase;
			buildActionMask = 2147483647;
			files = (
			);
			runOnlyForDeploymentPostprocessing = 0;
		};
/* End PBXFrameworksBuildPhase section */

/* Begin PBXGroup section */
		ACA52E8D22A1DFFE00908C64 = {
			isa = PBXGroup;
			children = (
				ACA52E9822A1DFFE00908C64 /* Proj-4 */,
				ACA52E9722A1DFFE00908C64 /* Products */,
			);
			sourceTree = "<group>";
		};
		ACA52E9722A1DFFE00908C64 /* Products */ = {
			isa = PBXGroup;
			children = (
				ACA52E9622A1DFFE00908C64 /* Proj-4 */,
			);
			name = Products;
			sourceTree = "<group>";
		};
		ACA52E9822A1DFFE00908C64 /* Proj-4 */ = {
			isa = PBXGroup;
			children = (
				ACA52E9922A1DFFE00908C64 /* main.cpp */,
				AC043E6D22A36383002FD4DA /* hashTable.cpp */,
				AC043E7022A39D94002FD4DA /* diff.cpp */,
				AC043E7122A39D94002FD4DA /* diff.h */,
				AC043E6E22A36383002FD4DA /* hashTable.h */,
			);
			path = "Proj-4";
			sourceTree = "<group>";
		};
/* End PBXGroup section */

/* Begin PBXNativeTarget section */
		ACA52E9522A1DFFE00908C64 /* Proj-4 */ = {
			isa = PBXNativeTarget;
			buildConfigurationList = ACA52E9D22A1DFFE00908C64 /* Build configuration list for PBXNativeTarget "Proj-4" */;
			buildPhases = (
				ACA52E9222A1DFFE00908C64 /* Sources */,
				ACA52E9322A1DFFE00908C64 /* Frameworks */,
				ACA52E9422A1DFFE00908C64 /* CopyFiles */,
			);
			buildRules = (
			);
			dependencies = (
			);
			name = "Proj-4";
			productName = "Proj-4";
			productReference = ACA52E9622A1DFFE00908C64 /* Proj-4 */;
			productType = "com.apple.product-type.tool";
		};
/* End PBXNativeTarget section */

/* Begin PBXProject section */
		ACA52E8E22A1DFFE00908C64 /* Project object */ = {
			isa = PBXProject;
			attributes = {
				LastUpgradeCheck = 1020;
				ORGANIZATIONNAME = "Nicholas Mark";
				TargetAttributes = {
					ACA52E9522A1DFFE00908C64 = {
						CreatedOnToolsVersion = 10.2.1;
					};
				};
			};
			buildConfigurationList = ACA52E9122A1DFFE00908C64 /* Build configuration list for PBXProject "Proj-4" */;
			compatibilityVersion = "Xcode 9.3";
			developmentRegion = en;
			hasScannedForEncodings = 0;
			knownRegions = (
				en,
			);
			mainGroup = ACA52E8D22A1DFFE00908C64;
			productRefGroup = ACA52E9722A1DFFE00908C64 /* Products */;
			projectDirPath = "";
			projectRoot = "";
			targets = (
				ACA52E9522A1DFFE00908C64 /* Proj-4 */,
			);
		};
/* End PBXProject section */

/* Begin PBXSourcesBuildPhase section */
		ACA52E9222A1DFFE00908C64 /* Sources */ = {
			isa = PBXSourcesBuildPhase;
			buildActionMask = 2147483647;
			files = (
				AC043E6F22A36383002FD4DA /* hashTable.cpp in Sources */,
				ACA52E9A22A1DFFE00908C64 /* main.cpp in Sources */,
				AC043E7222A39D94002FD4DA /* diff.cpp in Sources */,
			);
			runOnlyForDeploymentPostprocessing = 0;
		};
/* End PBXSourcesBuildPhase section */

/* Begin XCBuildConfiguration section */
		ACA52E9B22A1DFFE00908C64 /* Debug */ = {
			isa = XCBuildConfiguration;
			buildSettings = {
				ALWAYS_SEARCH_USER_PATHS = NO;
				CLANG_ANALYZER_NONNULL = YES;
				CLANG_ANALYZER_NUMBER_OBJECT_CONVERSION = YES_AGGRESSIVE;
				CLANG_CXX_LANGUAGE_STANDARD = "gnu++14";
				CLANG_CXX_LIBRARY = "libc++";
				CLANG_ENABLE_MODULES = YES;
				CLANG_ENABLE_OBJC_ARC = YES;
				CLANG_ENABLE_OBJC_WEAK = YES;
				CLANG_WARN_BLOCK_CAPTURE_AUTORELEASING = YES;
				CLANG_WARN_BOOL_CONVERSION = YES;
				CLANG_WARN_COMMA = YES;
				CLANG_WARN_CONSTANT_CONVERSION = YES;
				CLANG_WARN_DEPRECATED_OBJC_IMPLEMENTATIONS = YES;
				CLANG_WARN_DIRECT_OBJC_ISA_USAGE = YES_ERROR;
				CLANG_WARN_DOCUMENTATION_COMMENTS = YES;
				CLANG_WARN_EMPTY_BODY = YES;
				CLANG_WARN_ENUM_CONVERSION = YES;
				CLANG_WARN_INFINITE_RECURSION = YES;
				CLANG_WARN_INT_CONVERSION = YES;
				CLANG_WARN_NON_LITERAL_NULL_CONVERSION = YES;
				CLANG_WARN_OBJC_IMPLICIT_RETAIN_SELF = YES;
				CLANG_WARN_OBJC_LITERAL_CONVERSION = YES;
				CLANG_WARN_OBJC_ROOT_CLASS = YES_ERROR;
				CLANG_WARN_RANGE_LOOP_ANALYSIS = YES;
				CLANG_WARN_STRICT_PROTOTYPES = YES;
				CLANG_WARN_SUSPICIOUS_MOVE = YES;
				CLANG_WARN_UNGUARDED_AVAILABILITY = YES_AGGRESSIVE;
				CLANG_WARN_UNREACHABLE_CODE = YES;
				CLANG_WARN__DUPLICATE_METHOD_MATCH = YES;
				CODE_SIGN_IDENTITY = "-";
				COPY_PHASE_STRIP = NO;
				DEBUG_INFORMATION_FORMAT = dwarf;
				ENABLE_STRICT_OBJC_MSGSEND = YES;
				ENABLE_TESTABILITY = YES;
				GCC_C_LANGUAGE_STANDARD = gnu11;
				GCC_DYNAMIC_NO_PIC = NO;
				GCC_NO_COMMON_BLOCKS = YES;
				GCC_OPTIMIZATION_LEVEL = 0;
				GCC_PREPROCESSOR_DEFINITIONS = (
					"DEBUG=1",
					"$(inherited)",
				);
				GCC_WARN_64_TO_32_BIT_CONVERSION = YES;
				GCC_WARN_ABOUT_RETURN_TYPE = YES_ERROR;
				GCC_WARN_UNDECLARED_SELECTOR = YES;
				GCC_WARN_UNINITIALIZED_AUTOS = YES_AGGRESSIVE;
				GCC_WARN_UNUSED_FUNCTION = YES;
				GCC_WARN_UNUSED_VARIABLE = YES;
				MACOSX_DEPLOYMENT_TARGET = 10.14;
				MTL_ENABLE_DEBUG_INFO = INCLUDE_SOURCE;
				MTL_FAST_MATH = YES;
				ONLY_ACTIVE_ARCH = YES;
				SDKROOT = macosx;
			};
			name = Debug;
		};
		ACA52E9C22A1DFFE00908C64 /* Release */ = {
			isa = XCBuildConfiguration;
			buildSettings = {
				ALWAYS_SEARCH_USER_PATHS = NO;
				CLANG_ANALYZER_NONNULL = YES;
				CLANG_ANALYZER_NUMBER_OBJECT_CONVERSION = YES_AGGRESSIVE;
				CLANG_CXX_LANGUAGE_STANDARD = "gnu++14";
				CLANG_CXX_LIBRARY = "libc++";
				CLANG_ENABLE_MODULES = YES;
				CLANG_ENABLE_OBJC_ARC = YES;
				CLANG_ENABLE_OBJC_WEAK = YES;
				CLANG_WARN_BLOCK_CAPTURE_AUTORELEASING = YES;
				CLANG_WARN_BOOL_CONVERSION = YES;
				CLANG_WARN_COMMA = YES;
				CLANG_WARN_CONSTANT_CONVERSION = YES;
				CLANG_WARN_DEPRECATED_OBJC_IMPLEMENTATIONS = YES;
				CLANG_WARN_DIRECT_OBJC_ISA_USAGE = YES_ERROR;
				CLANG_WARN_DOCUMENTATION_COMMENTS = YES;
				CLANG_WARN_EMPTY_BODY = YES;
				CLANG_WARN_ENUM_CONVERSION = YES;
				CLANG_WARN_INFINITE_RECURSION = YES;
				CLANG_WARN_INT_CONVERSION = YES;
				CLANG_WARN_NON_LITERAL_NULL_CONVERSION = YES;
				CLANG_WARN_OBJC_IMPLICIT_RETAIN_SELF = YES;
				CLANG_WARN_OBJC_LITERAL_CONVERSION = YES;
				CLANG_WARN_OBJC_ROOT_CLASS = YES_ERROR;
				CLANG_WARN_RANGE_LOOP_ANALYSIS = YES;
				CLANG_WARN_STRICT_PROTOTYPES = YES;
				CLANG_WARN_SUSPICIOUS_MOVE = YES;
				CLANG_WARN_UNGUARDED_AVAILABILITY = YES_AGGRESSIVE;
				CLANG_WARN_UNREACHABLE_CODE = YES;
				CLANG_WARN__DUPLICATE_METHOD_MATCH = YES;
				CODE_SIGN_IDENTITY = "-";
				COPY_PHASE_STRIP = NO;
				DEBUG_INFORMATION_FORMAT = "dwarf-with-dsym";
				ENABLE_NS_ASSERTIONS = NO;
				ENABLE_STRICT_OBJC_MSGSEND = YES;
				GCC_C_LANGUAGE_STANDARD = gnu11;
				GCC_NO_COMMON_BLOCKS = YES;
				GCC_WARN_64_TO_32_BIT_CONVERSION = YES;
				GCC_WARN_ABOUT_RETURN_TYPE = YES_ERROR;
				GCC_WARN_UNDECLARED_SELECTOR = YES;
				GCC_WARN_UNINITIALIZED_AUTOS = YES_AGGRESSIVE;
				GCC_WARN_UNUSED_FUNCTION = YES;
				GCC_WARN_UNUSED_VARIABLE = YES;
				MACOSX_DEPLOYMENT_TARGET = 10.14;
				MTL_ENABLE_DEBUG_INFO = NO;
				MTL_FAST_MATH = YES;
				SDKROOT = macosx;
			};
			name = Release;
		};
		ACA52E9E22A1DFFE00908C64 /* Debug */ = {
			isa = XCBuildConfiguration;
			buildSettings = {
				CODE_SIGN_STYLE = Automatic;
				PRODUCT_NAME = "$(TARGET_NAME)";
			};
			name = Debug;
		};
		ACA52E9F22A1DFFE00908C64 /* Release */ = {
			isa = XCBuildConfiguration;
			buildSettings = {
				CODE_SIGN_STYLE = Automatic;
				PRODUCT_NAME = "$(TARGET_NAME)";
			};
			name = Release;
		};
/* End XCBuildConfiguration section */

/* Begin XCConfigurationList section */
		ACA52E9122A1DFFE00908C64 /* Build configuration list for PBXProject "Proj-4" */ = {
			isa = XCConfigurationList;
			buildConfigurations = (
				ACA52E9B22A1DFFE00908C64 /* Debug */,
				ACA52E9C22A1DFFE00908C64 /* Release */,
			);
			defaultConfigurationIsVisible = 0;
			defaultConfigurationName = Release;
		};
		ACA52E9D22A1DFFE00908C64 /* Build configuration list for PBXNativeTarget "Proj-4" */ = {
			isa = XCConfigurationList;
			buildConfigurations = (
				ACA52E9E22A1DFFE00908C64 /* Debug */,
				ACA52E9F22A1DFFE00908C64 /* Release */,
			);
			defaultConfigurationIsVisible = 0;
			defaultConfigurationName = Release;
		};
/* End XCConfigurationList section */
	};
	rootObject = ACA52E8E22A1DFFE00908C64 /* Project object */;
}
