// !$*UTF8*$!
{
	archiveVersion = 1;
	classes = {
	};
	objectVersion = 50;
	objects = {

/* Begin PBXBuildFile section */
		ACD4ECF1228C12C400BBE22B /* Game.cpp in Sources */ = {isa = PBXBuildFile; fileRef = ACD4ECE9228C12C300BBE22B /* Game.cpp */; };
		ACD4ECF2228C12C400BBE22B /* Board.cpp in Sources */ = {isa = PBXBuildFile; fileRef = ACD4ECEB228C12C400BBE22B /* Board.cpp */; };
		ACD4ECF3228C12C400BBE22B /* Player.cpp in Sources */ = {isa = PBXBuildFile; fileRef = ACD4ECED228C12C400BBE22B /* Player.cpp */; };
		ACD4ECF4228C12C400BBE22B /* main.cpp in Sources */ = {isa = PBXBuildFile; fileRef = ACD4ECEE228C12C400BBE22B /* main.cpp */; };
/* End PBXBuildFile section */

/* Begin PBXCopyFilesBuildPhase section */
		ACD4ECDD228C129700BBE22B /* CopyFiles */ = {
			isa = PBXCopyFilesBuildPhase;
			buildActionMask = 2147483647;
			dstPath = /usr/share/man/man1/;
			dstSubfolderSpec = 0;
			files = (
			);
			runOnlyForDeploymentPostprocessing = 1;
		};
/* End PBXCopyFilesBuildPhase section */

/* Begin PBXFileReference section */
		ACD4ECDF228C129700BBE22B /* Proj3-Xcode */ = {isa = PBXFileReference; explicitFileType = "compiled.mach-o.executable"; includeInIndex = 0; path = "Proj3-Xcode"; sourceTree = BUILT_PRODUCTS_DIR; };
		ACD4ECE9228C12C300BBE22B /* Game.cpp */ = {isa = PBXFileReference; fileEncoding = 4; lastKnownFileType = sourcecode.cpp.cpp; name = Game.cpp; path = ../../Game.cpp; sourceTree = "<group>"; };
		ACD4ECEB228C12C400BBE22B /* Board.cpp */ = {isa = PBXFileReference; fileEncoding = 4; lastKnownFileType = sourcecode.cpp.cpp; name = Board.cpp; path = ../../Board.cpp; sourceTree = "<group>"; };
		ACD4ECEC228C12C400BBE22B /* Game.h */ = {isa = PBXFileReference; fileEncoding = 4; lastKnownFileType = sourcecode.c.h; name = Game.h; path = ../../Game.h; sourceTree = "<group>"; };
		ACD4ECED228C12C400BBE22B /* Player.cpp */ = {isa = PBXFileReference; fileEncoding = 4; lastKnownFileType = sourcecode.cpp.cpp; name = Player.cpp; path = ../../Player.cpp; sourceTree = "<group>"; };
		ACD4ECEE228C12C400BBE22B /* main.cpp */ = {isa = PBXFileReference; fileEncoding = 4; lastKnownFileType = sourcecode.cpp.cpp; name = main.cpp; path = ../../main.cpp; sourceTree = "<group>"; };
		ACD4ECEF228C12C400BBE22B /* Board.h */ = {isa = PBXFileReference; fileEncoding = 4; lastKnownFileType = sourcecode.c.h; name = Board.h; path = ../../Board.h; sourceTree = "<group>"; };
		ACD4ECF0228C12C400BBE22B /* Player.h */ = {isa = PBXFileReference; fileEncoding = 4; lastKnownFileType = sourcecode.c.h; name = Player.h; path = ../../Player.h; sourceTree = "<group>"; };
		ACD4ECF5228C12CB00BBE22B /* Side.h */ = {isa = PBXFileReference; fileEncoding = 4; lastKnownFileType = sourcecode.c.h; name = Side.h; path = ../../Side.h; sourceTree = "<group>"; };
/* End PBXFileReference section */

/* Begin PBXFrameworksBuildPhase section */
		ACD4ECDC228C129700BBE22B /* Frameworks */ = {
			isa = PBXFrameworksBuildPhase;
			buildActionMask = 2147483647;
			files = (
			);
			runOnlyForDeploymentPostprocessing = 0;
		};
/* End PBXFrameworksBuildPhase section */

/* Begin PBXGroup section */
		ACD4ECD6228C129700BBE22B = {
			isa = PBXGroup;
			children = (
				ACD4ECE1228C129700BBE22B /* Proj3-Xcode */,
				ACD4ECE0228C129700BBE22B /* Products */,
			);
			sourceTree = "<group>";
		};
		ACD4ECE0228C129700BBE22B /* Products */ = {
			isa = PBXGroup;
			children = (
				ACD4ECDF228C129700BBE22B /* Proj3-Xcode */,
			);
			name = Products;
			sourceTree = "<group>";
		};
		ACD4ECE1228C129700BBE22B /* Proj3-Xcode */ = {
			isa = PBXGroup;
			children = (
				ACD4ECEB228C12C400BBE22B /* Board.cpp */,
				ACD4ECEF228C12C400BBE22B /* Board.h */,
				ACD4ECE9228C12C300BBE22B /* Game.cpp */,
				ACD4ECEC228C12C400BBE22B /* Game.h */,
				ACD4ECEE228C12C400BBE22B /* main.cpp */,
				ACD4ECF5228C12CB00BBE22B /* Side.h */,
				ACD4ECED228C12C400BBE22B /* Player.cpp */,
				ACD4ECF0228C12C400BBE22B /* Player.h */,
			);
			path = "Proj3-Xcode";
			sourceTree = "<group>";
		};
/* End PBXGroup section */

/* Begin PBXNativeTarget section */
		ACD4ECDE228C129700BBE22B /* Proj3-Xcode */ = {
			isa = PBXNativeTarget;
			buildConfigurationList = ACD4ECE6228C129700BBE22B /* Build configuration list for PBXNativeTarget "Proj3-Xcode" */;
			buildPhases = (
				ACD4ECDB228C129700BBE22B /* Sources */,
				ACD4ECDC228C129700BBE22B /* Frameworks */,
				ACD4ECDD228C129700BBE22B /* CopyFiles */,
			);
			buildRules = (
			);
			dependencies = (
			);
			name = "Proj3-Xcode";
			productName = "Proj3-Xcode";
			productReference = ACD4ECDF228C129700BBE22B /* Proj3-Xcode */;
			productType = "com.apple.product-type.tool";
		};
/* End PBXNativeTarget section */

/* Begin PBXProject section */
		ACD4ECD7228C129700BBE22B /* Project object */ = {
			isa = PBXProject;
			attributes = {
				LastUpgradeCheck = 1020;
				ORGANIZATIONNAME = "Nicholas Mark";
				TargetAttributes = {
					ACD4ECDE228C129700BBE22B = {
						CreatedOnToolsVersion = 10.2.1;
					};
				};
			};
			buildConfigurationList = ACD4ECDA228C129700BBE22B /* Build configuration list for PBXProject "Proj3-Xcode" */;
			compatibilityVersion = "Xcode 9.3";
			developmentRegion = en;
			hasScannedForEncodings = 0;
			knownRegions = (
				en,
			);
			mainGroup = ACD4ECD6228C129700BBE22B;
			productRefGroup = ACD4ECE0228C129700BBE22B /* Products */;
			projectDirPath = "";
			projectRoot = "";
			targets = (
				ACD4ECDE228C129700BBE22B /* Proj3-Xcode */,
			);
		};
/* End PBXProject section */

/* Begin PBXSourcesBuildPhase section */
		ACD4ECDB228C129700BBE22B /* Sources */ = {
			isa = PBXSourcesBuildPhase;
			buildActionMask = 2147483647;
			files = (
				ACD4ECF3228C12C400BBE22B /* Player.cpp in Sources */,
				ACD4ECF2228C12C400BBE22B /* Board.cpp in Sources */,
				ACD4ECF4228C12C400BBE22B /* main.cpp in Sources */,
				ACD4ECF1228C12C400BBE22B /* Game.cpp in Sources */,
			);
			runOnlyForDeploymentPostprocessing = 0;
		};
/* End PBXSourcesBuildPhase section */

/* Begin XCBuildConfiguration section */
		ACD4ECE4228C129700BBE22B /* Debug */ = {
			isa = XCBuildConfiguration;
			buildSettings = {
				ALWAYS_SEARCH_USER_PATHS = NO;
				CLANG_ANALYZER_NONNULL = YES;
				CLANG_ANALYZER_NUMBER_OBJECT_CONVERSION = YES_AGGRESSIVE;
				CLANG_CXX_LANGUAGE_STANDARD = "gnu++14";
				CLANG_CXX_LIBRARY = "libc++";
				CLANG_ENABLE_MODULES = YES;
				CLANG_ENABLE_OBJC_ARC = YES;
				CLANG_ENABLE_OBJC_WEAK = YES;
				CLANG_WARN_BLOCK_CAPTURE_AUTORELEASING = YES;
				CLANG_WARN_BOOL_CONVERSION = YES;
				CLANG_WARN_COMMA = YES;
				CLANG_WARN_CONSTANT_CONVERSION = YES;
				CLANG_WARN_DEPRECATED_OBJC_IMPLEMENTATIONS = YES;
				CLANG_WARN_DIRECT_OBJC_ISA_USAGE = YES_ERROR;
				CLANG_WARN_DOCUMENTATION_COMMENTS = YES;
				CLANG_WARN_EMPTY_BODY = YES;
				CLANG_WARN_ENUM_CONVERSION = YES;
				CLANG_WARN_INFINITE_RECURSION = YES;
				CLANG_WARN_INT_CONVERSION = YES;
				CLANG_WARN_NON_LITERAL_NULL_CONVERSION = YES;
				CLANG_WARN_OBJC_IMPLICIT_RETAIN_SELF = YES;
				CLANG_WARN_OBJC_LITERAL_CONVERSION = YES;
				CLANG_WARN_OBJC_ROOT_CLASS = YES_ERROR;
				CLANG_WARN_RANGE_LOOP_ANALYSIS = YES;
				CLANG_WARN_STRICT_PROTOTYPES = YES;
				CLANG_WARN_SUSPICIOUS_MOVE = YES;
				CLANG_WARN_UNGUARDED_AVAILABILITY = YES_AGGRESSIVE;
				CLANG_WARN_UNREACHABLE_CODE = YES;
				CLANG_WARN__DUPLICATE_METHOD_MATCH = YES;
				CODE_SIGN_IDENTITY = "-";
				COPY_PHASE_STRIP = NO;
				DEBUG_INFORMATION_FORMAT = dwarf;
				ENABLE_STRICT_OBJC_MSGSEND = YES;
				ENABLE_TESTABILITY = YES;
				GCC_C_LANGUAGE_STANDARD = gnu11;
				GCC_DYNAMIC_NO_PIC = NO;
				GCC_NO_COMMON_BLOCKS = YES;
				GCC_OPTIMIZATION_LEVEL = 0;
				GCC_PREPROCESSOR_DEFINITIONS = (
					"DEBUG=1",
					"$(inherited)",
				);
				GCC_WARN_64_TO_32_BIT_CONVERSION = YES;
				GCC_WARN_ABOUT_RETURN_TYPE = YES_ERROR;
				GCC_WARN_UNDECLARED_SELECTOR = YES;
				GCC_WARN_UNINITIALIZED_AUTOS = YES_AGGRESSIVE;
				GCC_WARN_UNUSED_FUNCTION = YES;
				GCC_WARN_UNUSED_VARIABLE = YES;
				MACOSX_DEPLOYMENT_TARGET = 10.14;
				MTL_ENABLE_DEBUG_INFO = INCLUDE_SOURCE;
				MTL_FAST_MATH = YES;
				ONLY_ACTIVE_ARCH = YES;
				SDKROOT = macosx;
			};
			name = Debug;
		};
		ACD4ECE5228C129700BBE22B /* Release */ = {
			isa = XCBuildConfiguration;
			buildSettings = {
				ALWAYS_SEARCH_USER_PATHS = NO;
				CLANG_ANALYZER_NONNULL = YES;
				CLANG_ANALYZER_NUMBER_OBJECT_CONVERSION = YES_AGGRESSIVE;
				CLANG_CXX_LANGUAGE_STANDARD = "gnu++14";
				CLANG_CXX_LIBRARY = "libc++";
				CLANG_ENABLE_MODULES = YES;
				CLANG_ENABLE_OBJC_ARC = YES;
				CLANG_ENABLE_OBJC_WEAK = YES;
				CLANG_WARN_BLOCK_CAPTURE_AUTORELEASING = YES;
				CLANG_WARN_BOOL_CONVERSION = YES;
				CLANG_WARN_COMMA = YES;
				CLANG_WARN_CONSTANT_CONVERSION = YES;
				CLANG_WARN_DEPRECATED_OBJC_IMPLEMENTATIONS = YES;
				CLANG_WARN_DIRECT_OBJC_ISA_USAGE = YES_ERROR;
				CLANG_WARN_DOCUMENTATION_COMMENTS = YES;
				CLANG_WARN_EMPTY_BODY = YES;
				CLANG_WARN_ENUM_CONVERSION = YES;
				CLANG_WARN_INFINITE_RECURSION = YES;
				CLANG_WARN_INT_CONVERSION = YES;
				CLANG_WARN_NON_LITERAL_NULL_CONVERSION = YES;
				CLANG_WARN_OBJC_IMPLICIT_RETAIN_SELF = YES;
				CLANG_WARN_OBJC_LITERAL_CONVERSION = YES;
				CLANG_WARN_OBJC_ROOT_CLASS = YES_ERROR;
				CLANG_WARN_RANGE_LOOP_ANALYSIS = YES;
				CLANG_WARN_STRICT_PROTOTYPES = YES;
				CLANG_WARN_SUSPICIOUS_MOVE = YES;
				CLANG_WARN_UNGUARDED_AVAILABILITY = YES_AGGRESSIVE;
				CLANG_WARN_UNREACHABLE_CODE = YES;
				CLANG_WARN__DUPLICATE_METHOD_MATCH = YES;
				CODE_SIGN_IDENTITY = "-";
				COPY_PHASE_STRIP = NO;
				DEBUG_INFORMATION_FORMAT = "dwarf-with-dsym";
				ENABLE_NS_ASSERTIONS = NO;
				ENABLE_STRICT_OBJC_MSGSEND = YES;
				GCC_C_LANGUAGE_STANDARD = gnu11;
				GCC_NO_COMMON_BLOCKS = YES;
				GCC_WARN_64_TO_32_BIT_CONVERSION = YES;
				GCC_WARN_ABOUT_RETURN_TYPE = YES_ERROR;
				GCC_WARN_UNDECLARED_SELECTOR = YES;
				GCC_WARN_UNINITIALIZED_AUTOS = YES_AGGRESSIVE;
				GCC_WARN_UNUSED_FUNCTION = YES;
				GCC_WARN_UNUSED_VARIABLE = YES;
				MACOSX_DEPLOYMENT_TARGET = 10.14;
				MTL_ENABLE_DEBUG_INFO = NO;
				MTL_FAST_MATH = YES;
				SDKROOT = macosx;
			};
			name = Release;
		};
		ACD4ECE7228C129700BBE22B /* Debug */ = {
			isa = XCBuildConfiguration;
			buildSettings = {
				CODE_SIGN_STYLE = Automatic;
				PRODUCT_NAME = "$(TARGET_NAME)";
			};
			name = Debug;
		};
		ACD4ECE8228C129700BBE22B /* Release */ = {
			isa = XCBuildConfiguration;
			buildSettings = {
				CODE_SIGN_STYLE = Automatic;
				PRODUCT_NAME = "$(TARGET_NAME)";
			};
			name = Release;
		};
/* End XCBuildConfiguration section */

/* Begin XCConfigurationList section */
		ACD4ECDA228C129700BBE22B /* Build configuration list for PBXProject "Proj3-Xcode" */ = {
			isa = XCConfigurationList;
			buildConfigurations = (
				ACD4ECE4228C129700BBE22B /* Debug */,
				ACD4ECE5228C129700BBE22B /* Release */,
			);
			defaultConfigurationIsVisible = 0;
			defaultConfigurationName = Release;
		};
		ACD4ECE6228C129700BBE22B /* Build configuration list for PBXNativeTarget "Proj3-Xcode" */ = {
			isa = XCConfigurationList;
			buildConfigurations = (
				ACD4ECE7228C129700BBE22B /* Debug */,
				ACD4ECE8228C129700BBE22B /* Release */,
			);
			defaultConfigurationIsVisible = 0;
			defaultConfigurationName = Release;
		};
/* End XCConfigurationList section */
	};
	rootObject = ACD4ECD7228C129700BBE22B /* Project object */;
}
